// !$*UTF8*$!
{
	archiveVersion = 1;
	classes = {
	};
	objectVersion = 50;
	objects = {

/* Begin PBXBuildFile section */
		D75EF281239E9E05009F2B34 /* main.m in Sources */ = {isa = PBXBuildFile; fileRef = D75EF280239E9E05009F2B34 /* main.m */; };
		D75EF295239E9E6E009F2B34 /* TreeMap.m in Sources */ = {isa = PBXBuildFile; fileRef = D75EF28D239E9E6E009F2B34 /* TreeMap.m */; };
		D75EF296239E9E6E009F2B34 /* LinkedHashMap.m in Sources */ = {isa = PBXBuildFile; fileRef = D75EF28E239E9E6E009F2B34 /* LinkedHashMap.m */; };
		D75EF297239E9E6E009F2B34 /* HashMapNode.m in Sources */ = {isa = PBXBuildFile; fileRef = D75EF28F239E9E6E009F2B34 /* HashMapNode.m */; };
		D75EF298239E9E6E009F2B34 /* LinkedHashMapNode.m in Sources */ = {isa = PBXBuildFile; fileRef = D75EF290239E9E6E009F2B34 /* LinkedHashMapNode.m */; };
		D75EF299239E9E6E009F2B34 /* HashMap.m in Sources */ = {isa = PBXBuildFile; fileRef = D75EF291239E9E6E009F2B34 /* HashMap.m */; };
		D75EF29A239E9E6E009F2B34 /* Person.m in Sources */ = {isa = PBXBuildFile; fileRef = D75EF294239E9E6E009F2B34 /* Person.m */; };
		D75EF29E239EA501009F2B34 /* YHValue.m in Sources */ = {isa = PBXBuildFile; fileRef = D75EF29D239EA501009F2B34 /* YHValue.m */; };
/* End PBXBuildFile section */

/* Begin PBXCopyFilesBuildPhase section */
		D75EF27B239E9E05009F2B34 /* CopyFiles */ = {
			isa = PBXCopyFilesBuildPhase;
			buildActionMask = 2147483647;
			dstPath = /usr/share/man/man1/;
			dstSubfolderSpec = 0;
			files = (
			);
			runOnlyForDeploymentPostprocessing = 1;
		};
/* End PBXCopyFilesBuildPhase section */

/* Begin PBXFileReference section */
		D75EF27D239E9E05009F2B34 /* HashTable */ = {isa = PBXFileReference; explicitFileType = "compiled.mach-o.executable"; includeInIndex = 0; path = HashTable; sourceTree = BUILT_PRODUCTS_DIR; };
		D75EF280239E9E05009F2B34 /* main.m */ = {isa = PBXFileReference; lastKnownFileType = sourcecode.c.objc; path = main.m; sourceTree = "<group>"; };
		D75EF288239E9E6E009F2B34 /* LinkedHashMap.h */ = {isa = PBXFileReference; fileEncoding = 4; lastKnownFileType = sourcecode.c.h; path = LinkedHashMap.h; sourceTree = "<group>"; };
		D75EF289239E9E6E009F2B34 /* TreeMap.h */ = {isa = PBXFileReference; fileEncoding = 4; lastKnownFileType = sourcecode.c.h; path = TreeMap.h; sourceTree = "<group>"; };
		D75EF28A239E9E6E009F2B34 /* HashMapNode.h */ = {isa = PBXFileReference; fileEncoding = 4; lastKnownFileType = sourcecode.c.h; path = HashMapNode.h; sourceTree = "<group>"; };
		D75EF28B239E9E6E009F2B34 /* HashMap.h */ = {isa = PBXFileReference; fileEncoding = 4; lastKnownFileType = sourcecode.c.h; path = HashMap.h; sourceTree = "<group>"; };
		D75EF28C239E9E6E009F2B34 /* LinkedHashMapNode.h */ = {isa = PBXFileReference; fileEncoding = 4; lastKnownFileType = sourcecode.c.h; path = LinkedHashMapNode.h; sourceTree = "<group>"; };
		D75EF28D239E9E6E009F2B34 /* TreeMap.m */ = {isa = PBXFileReference; fileEncoding = 4; lastKnownFileType = sourcecode.c.objc; path = TreeMap.m; sourceTree = "<group>"; };
		D75EF28E239E9E6E009F2B34 /* LinkedHashMap.m */ = {isa = PBXFileReference; fileEncoding = 4; lastKnownFileType = sourcecode.c.objc; path = LinkedHashMap.m; sourceTree = "<group>"; };
		D75EF28F239E9E6E009F2B34 /* HashMapNode.m */ = {isa = PBXFileReference; fileEncoding = 4; lastKnownFileType = sourcecode.c.objc; path = HashMapNode.m; sourceTree = "<group>"; };
		D75EF290239E9E6E009F2B34 /* LinkedHashMapNode.m */ = {isa = PBXFileReference; fileEncoding = 4; lastKnownFileType = sourcecode.c.objc; path = LinkedHashMapNode.m; sourceTree = "<group>"; };
		D75EF291239E9E6E009F2B34 /* HashMap.m */ = {isa = PBXFileReference; fileEncoding = 4; lastKnownFileType = sourcecode.c.objc; path = HashMap.m; sourceTree = "<group>"; };
		D75EF293239E9E6E009F2B34 /* Person.h */ = {isa = PBXFileReference; fileEncoding = 4; lastKnownFileType = sourcecode.c.h; path = Person.h; sourceTree = "<group>"; };
		D75EF294239E9E6E009F2B34 /* Person.m */ = {isa = PBXFileReference; fileEncoding = 4; lastKnownFileType = sourcecode.c.objc; path = Person.m; sourceTree = "<group>"; };
		D75EF29B239E9EC0009F2B34 /* YHCompareProtocol.h */ = {isa = PBXFileReference; fileEncoding = 4; lastKnownFileType = sourcecode.c.h; path = YHCompareProtocol.h; sourceTree = "<group>"; };
		D75EF29C239EA501009F2B34 /* YHValue.h */ = {isa = PBXFileReference; lastKnownFileType = sourcecode.c.h; path = YHValue.h; sourceTree = "<group>"; };
		D75EF29D239EA501009F2B34 /* YHValue.m */ = {isa = PBXFileReference; lastKnownFileType = sourcecode.c.objc; path = YHValue.m; sourceTree = "<group>"; };
/* End PBXFileReference section */

/* Begin PBXFrameworksBuildPhase section */
		D75EF27A239E9E05009F2B34 /* Frameworks */ = {
			isa = PBXFrameworksBuildPhase;
			buildActionMask = 2147483647;
			files = (
			);
			runOnlyForDeploymentPostprocessing = 0;
		};
/* End PBXFrameworksBuildPhase section */

/* Begin PBXGroup section */
		D75EF274239E9E05009F2B34 = {
			isa = PBXGroup;
			children = (
				D75EF27F239E9E05009F2B34 /* HashTable */,
				D75EF27E239E9E05009F2B34 /* Products */,
			);
			sourceTree = "<group>";
		};
		D75EF27E239E9E05009F2B34 /* Products */ = {
			isa = PBXGroup;
			children = (
				D75EF27D239E9E05009F2B34 /* HashTable */,
			);
			name = Products;
			sourceTree = "<group>";
		};
		D75EF27F239E9E05009F2B34 /* HashTable */ = {
			isa = PBXGroup;
			children = (
				D75EF292239E9E6E009F2B34 /* Model */,
				D75EF287239E9E6E009F2B34 /* Map */,
				D75EF280239E9E05009F2B34 /* main.m */,
			);
			path = HashTable;
			sourceTree = "<group>";
		};
		D75EF287239E9E6E009F2B34 /* Map */ = {
			isa = PBXGroup;
			children = (
				D75EF29B239E9EC0009F2B34 /* YHCompareProtocol.h */,
				D75EF289239E9E6E009F2B34 /* TreeMap.h */,
				D75EF28D239E9E6E009F2B34 /* TreeMap.m */,
				D75EF28A239E9E6E009F2B34 /* HashMapNode.h */,
				D75EF28F239E9E6E009F2B34 /* HashMapNode.m */,
				D75EF28B239E9E6E009F2B34 /* HashMap.h */,
				D75EF291239E9E6E009F2B34 /* HashMap.m */,
				D75EF28C239E9E6E009F2B34 /* LinkedHashMapNode.h */,
				D75EF290239E9E6E009F2B34 /* LinkedHashMapNode.m */,
				D75EF288239E9E6E009F2B34 /* LinkedHashMap.h */,
				D75EF28E239E9E6E009F2B34 /* LinkedHashMap.m */,
			);
			path = Map;
			sourceTree = "<group>";
		};
		D75EF292239E9E6E009F2B34 /* Model */ = {
			isa = PBXGroup;
			children = (
				D75EF293239E9E6E009F2B34 /* Person.h */,
				D75EF294239E9E6E009F2B34 /* Person.m */,
				D75EF29C239EA501009F2B34 /* YHValue.h */,
				D75EF29D239EA501009F2B34 /* YHValue.m */,
			);
			path = Model;
			sourceTree = "<group>";
		};
/* End PBXGroup section */

/* Begin PBXNativeTarget section */
		D75EF27C239E9E05009F2B34 /* HashTable */ = {
			isa = PBXNativeTarget;
			buildConfigurationList = D75EF284239E9E05009F2B34 /* Build configuration list for PBXNativeTarget "HashTable" */;
			buildPhases = (
				D75EF279239E9E05009F2B34 /* Sources */,
				D75EF27A239E9E05009F2B34 /* Frameworks */,
				D75EF27B239E9E05009F2B34 /* CopyFiles */,
			);
			buildRules = (
			);
			dependencies = (
			);
			name = HashTable;
			productName = HashTable;
			productReference = D75EF27D239E9E05009F2B34 /* HashTable */;
			productType = "com.apple.product-type.tool";
		};
/* End PBXNativeTarget section */

/* Begin PBXProject section */
		D75EF275239E9E05009F2B34 /* Project object */ = {
			isa = PBXProject;
			attributes = {
				LastUpgradeCheck = 1010;
				ORGANIZATIONNAME = qinger;
				TargetAttributes = {
					D75EF27C239E9E05009F2B34 = {
						CreatedOnToolsVersion = 10.1;
					};
				};
			};
			buildConfigurationList = D75EF278239E9E05009F2B34 /* Build configuration list for PBXProject "HashTable" */;
			compatibilityVersion = "Xcode 9.3";
			developmentRegion = en;
			hasScannedForEncodings = 0;
			knownRegions = (
				en,
			);
			mainGroup = D75EF274239E9E05009F2B34;
			productRefGroup = D75EF27E239E9E05009F2B34 /* Products */;
			projectDirPath = "";
			projectRoot = "";
			targets = (
				D75EF27C239E9E05009F2B34 /* HashTable */,
			);
		};
/* End PBXProject section */

/* Begin PBXSourcesBuildPhase section */
		D75EF279239E9E05009F2B34 /* Sources */ = {
			isa = PBXSourcesBuildPhase;
			buildActionMask = 2147483647;
			files = (
				D75EF299239E9E6E009F2B34 /* HashMap.m in Sources */,
				D75EF298239E9E6E009F2B34 /* LinkedHashMapNode.m in Sources */,
				D75EF29E239EA501009F2B34 /* YHValue.m in Sources */,
				D75EF29A239E9E6E009F2B34 /* Person.m in Sources */,
				D75EF297239E9E6E009F2B34 /* HashMapNode.m in Sources */,
				D75EF295239E9E6E009F2B34 /* TreeMap.m in Sources */,
				D75EF296239E9E6E009F2B34 /* LinkedHashMap.m in Sources */,
				D75EF281239E9E05009F2B34 /* main.m in Sources */,
			);
			runOnlyForDeploymentPostprocessing = 0;
		};
/* End PBXSourcesBuildPhase section */

/* Begin XCBuildConfiguration section */
		D75EF282239E9E05009F2B34 /* Debug */ = {
			isa = XCBuildConfiguration;
			buildSettings = {
				ALWAYS_SEARCH_USER_PATHS = NO;
				CLANG_ANALYZER_NONNULL = YES;
				CLANG_ANALYZER_NUMBER_OBJECT_CONVERSION = YES_AGGRESSIVE;
				CLANG_CXX_LANGUAGE_STANDARD = "gnu++14";
				CLANG_CXX_LIBRARY = "libc++";
				CLANG_ENABLE_MODULES = YES;
				CLANG_ENABLE_OBJC_ARC = YES;
				CLANG_ENABLE_OBJC_WEAK = YES;
				CLANG_WARN_BLOCK_CAPTURE_AUTORELEASING = YES;
				CLANG_WARN_BOOL_CONVERSION = YES;
				CLANG_WARN_COMMA = YES;
				CLANG_WARN_CONSTANT_CONVERSION = YES;
				CLANG_WARN_DEPRECATED_OBJC_IMPLEMENTATIONS = YES;
				CLANG_WARN_DIRECT_OBJC_ISA_USAGE = YES_ERROR;
				CLANG_WARN_DOCUMENTATION_COMMENTS = YES;
				CLANG_WARN_EMPTY_BODY = YES;
				CLANG_WARN_ENUM_CONVERSION = YES;
				CLANG_WARN_INFINITE_RECURSION = YES;
				CLANG_WARN_INT_CONVERSION = YES;
				CLANG_WARN_NON_LITERAL_NULL_CONVERSION = YES;
				CLANG_WARN_OBJC_IMPLICIT_RETAIN_SELF = YES;
				CLANG_WARN_OBJC_LITERAL_CONVERSION = YES;
				CLANG_WARN_OBJC_ROOT_CLASS = YES_ERROR;
				CLANG_WARN_RANGE_LOOP_ANALYSIS = YES;
				CLANG_WARN_STRICT_PROTOTYPES = YES;
				CLANG_WARN_SUSPICIOUS_MOVE = YES;
				CLANG_WARN_UNGUARDED_AVAILABILITY = YES_AGGRESSIVE;
				CLANG_WARN_UNREACHABLE_CODE = YES;
				CLANG_WARN__DUPLICATE_METHOD_MATCH = YES;
				CODE_SIGN_IDENTITY = "Mac Developer";
				COPY_PHASE_STRIP = NO;
				DEBUG_INFORMATION_FORMAT = dwarf;
				ENABLE_STRICT_OBJC_MSGSEND = YES;
				ENABLE_TESTABILITY = YES;
				GCC_C_LANGUAGE_STANDARD = gnu11;
				GCC_DYNAMIC_NO_PIC = NO;
				GCC_NO_COMMON_BLOCKS = YES;
				GCC_OPTIMIZATION_LEVEL = 0;
				GCC_PREPROCESSOR_DEFINITIONS = (
					"DEBUG=1",
					"$(inherited)",
				);
				GCC_WARN_64_TO_32_BIT_CONVERSION = YES;
				GCC_WARN_ABOUT_RETURN_TYPE = YES_ERROR;
				GCC_WARN_UNDECLARED_SELECTOR = YES;
				GCC_WARN_UNINITIALIZED_AUTOS = YES_AGGRESSIVE;
				GCC_WARN_UNUSED_FUNCTION = YES;
				GCC_WARN_UNUSED_VARIABLE = YES;
				MACOSX_DEPLOYMENT_TARGET = 10.13;
				MTL_ENABLE_DEBUG_INFO = INCLUDE_SOURCE;
				MTL_FAST_MATH = YES;
				ONLY_ACTIVE_ARCH = YES;
				SDKROOT = macosx;
			};
			name = Debug;
		};
		D75EF283239E9E05009F2B34 /* Release */ = {
			isa = XCBuildConfiguration;
			buildSettings = {
				ALWAYS_SEARCH_USER_PATHS = NO;
				CLANG_ANALYZER_NONNULL = YES;
				CLANG_ANALYZER_NUMBER_OBJECT_CONVERSION = YES_AGGRESSIVE;
				CLANG_CXX_LANGUAGE_STANDARD = "gnu++14";
				CLANG_CXX_LIBRARY = "libc++";
				CLANG_ENABLE_MODULES = YES;
				CLANG_ENABLE_OBJC_ARC = YES;
				CLANG_ENABLE_OBJC_WEAK = YES;
				CLANG_WARN_BLOCK_CAPTURE_AUTORELEASING = YES;
				CLANG_WARN_BOOL_CONVERSION = YES;
				CLANG_WARN_COMMA = YES;
				CLANG_WARN_CONSTANT_CONVERSION = YES;
				CLANG_WARN_DEPRECATED_OBJC_IMPLEMENTATIONS = YES;
				CLANG_WARN_DIRECT_OBJC_ISA_USAGE = YES_ERROR;
				CLANG_WARN_DOCUMENTATION_COMMENTS = YES;
				CLANG_WARN_EMPTY_BODY = YES;
				CLANG_WARN_ENUM_CONVERSION = YES;
				CLANG_WARN_INFINITE_RECURSION = YES;
				CLANG_WARN_INT_CONVERSION = YES;
				CLANG_WARN_NON_LITERAL_NULL_CONVERSION = YES;
				CLANG_WARN_OBJC_IMPLICIT_RETAIN_SELF = YES;
				CLANG_WARN_OBJC_LITERAL_CONVERSION = YES;
				CLANG_WARN_OBJC_ROOT_CLASS = YES_ERROR;
				CLANG_WARN_RANGE_LOOP_ANALYSIS = YES;
				CLANG_WARN_STRICT_PROTOTYPES = YES;
				CLANG_WARN_SUSPICIOUS_MOVE = YES;
				CLANG_WARN_UNGUARDED_AVAILABILITY = YES_AGGRESSIVE;
				CLANG_WARN_UNREACHABLE_CODE = YES;
				CLANG_WARN__DUPLICATE_METHOD_MATCH = YES;
				CODE_SIGN_IDENTITY = "Mac Developer";
				COPY_PHASE_STRIP = NO;
				DEBUG_INFORMATION_FORMAT = "dwarf-with-dsym";
				ENABLE_NS_ASSERTIONS = NO;
				ENABLE_STRICT_OBJC_MSGSEND = YES;
				GCC_C_LANGUAGE_STANDARD = gnu11;
				GCC_NO_COMMON_BLOCKS = YES;
				GCC_WARN_64_TO_32_BIT_CONVERSION = YES;
				GCC_WARN_ABOUT_RETURN_TYPE = YES_ERROR;
				GCC_WARN_UNDECLARED_SELECTOR = YES;
				GCC_WARN_UNINITIALIZED_AUTOS = YES_AGGRESSIVE;
				GCC_WARN_UNUSED_FUNCTION = YES;
				GCC_WARN_UNUSED_VARIABLE = YES;
				MACOSX_DEPLOYMENT_TARGET = 10.13;
				MTL_ENABLE_DEBUG_INFO = NO;
				MTL_FAST_MATH = YES;
				SDKROOT = macosx;
			};
			name = Release;
		};
		D75EF285239E9E05009F2B34 /* Debug */ = {
			isa = XCBuildConfiguration;
			buildSettings = {
				CODE_SIGN_STYLE = Manual;
				DEVELOPMENT_TEAM = WU3FZ6ECHB;
				MACOSX_DEPLOYMENT_TARGET = 10.12;
				PRODUCT_NAME = "$(TARGET_NAME)";
				PROVISIONING_PROFILE_SPECIFIER = "";
			};
			name = Debug;
		};
		D75EF286239E9E05009F2B34 /* Release */ = {
			isa = XCBuildConfiguration;
			buildSettings = {
				CODE_SIGN_STYLE = Manual;
				DEVELOPMENT_TEAM = WU3FZ6ECHB;
				MACOSX_DEPLOYMENT_TARGET = 10.12;
				PRODUCT_NAME = "$(TARGET_NAME)";
				PROVISIONING_PROFILE_SPECIFIER = "";
			};
			name = Release;
		};
/* End XCBuildConfiguration section */

/* Begin XCConfigurationList section */
		D75EF278239E9E05009F2B34 /* Build configuration list for PBXProject "HashTable" */ = {
			isa = XCConfigurationList;
			buildConfigurations = (
				D75EF282239E9E05009F2B34 /* Debug */,
				D75EF283239E9E05009F2B34 /* Release */,
			);
			defaultConfigurationIsVisible = 0;
			defaultConfigurationName = Release;
		};
		D75EF284239E9E05009F2B34 /* Build configuration list for PBXNativeTarget "HashTable" */ = {
			isa = XCConfigurationList;
			buildConfigurations = (
				D75EF285239E9E05009F2B34 /* Debug */,
				D75EF286239E9E05009F2B34 /* Release */,
			);
			defaultConfigurationIsVisible = 0;
			defaultConfigurationName = Release;
		};
/* End XCConfigurationList section */
	};
	rootObject = D75EF275239E9E05009F2B34 /* Project object */;
}
